# THIS IS AN AUTOGENERATED FILE. DO NOT EDIT THIS FILE DIRECTLY.
# yarn lockfile v1


"@types/d3-array@*":
  version "1.0.7"
  resolved "https://registry.yarnpkg.com/@types/d3-array/-/d3-array-1.0.7.tgz#eb5a4ffaa249ea077812321af63c51c432ccfc10"

"@types/d3-axis@*":
  version "1.0.6"
  resolved "https://registry.yarnpkg.com/@types/d3-axis/-/d3-axis-1.0.6.tgz#6b46db3facebb6eff5b957c4d2ba69b90239ce02"
  dependencies:
    "@types/d3-selection" "*"

"@types/d3-brush@*":
  version "1.0.6"
  resolved "https://registry.yarnpkg.com/@types/d3-brush/-/d3-brush-1.0.6.tgz#c755ce79944f8d205dcea3771c91a1732c726d88"
  dependencies:
    "@types/d3-selection" "*"

"@types/d3-chord@*":
  version "1.0.5"
  resolved "https://registry.yarnpkg.com/@types/d3-chord/-/d3-chord-1.0.5.tgz#48ed6c1415043aabc3514a56075f78766e575492"

"@types/d3-collection@*":
  version "1.0.4"
  resolved "https://registry.yarnpkg.com/@types/d3-collection/-/d3-collection-1.0.4.tgz#19b1eede200ba5bdafb4c8af19afe32c2de7a660"

"@types/d3-color@*":
  version "1.0.4"
  resolved "https://registry.yarnpkg.com/@types/d3-color/-/d3-color-1.0.4.tgz#f0e1b64162fea2f932007fb966c26cc8aff3a47d"

"@types/d3-dispatch@*":
  version "1.0.4"
  resolved "https://registry.yarnpkg.com/@types/d3-dispatch/-/d3-dispatch-1.0.4.tgz#91b8de6198053efc46788ad5f27182bcc42335b5"

"@types/d3-drag@*":
  version "1.0.6"
  resolved "https://registry.yarnpkg.com/@types/d3-drag/-/d3-drag-1.0.6.tgz#38b4130accd97b29269dc5899d59f87bc55eab7d"
  dependencies:
    "@types/d3-selection" "*"

"@types/d3-dsv@*":
  version "1.0.29"
  resolved "https://registry.yarnpkg.com/@types/d3-dsv/-/d3-dsv-1.0.29.tgz#06c92b01ec32b5c457701d520d5bac6358b1fb0f"

"@types/d3-ease@*":
  version "1.0.5"
  resolved "https://registry.yarnpkg.com/@types/d3-ease/-/d3-ease-1.0.5.tgz#cae0c4a6dd39be58cc1c94ad08bd991c2d932400"

"@types/d3-force@*":
  version "1.0.6"
  resolved "https://registry.yarnpkg.com/@types/d3-force/-/d3-force-1.0.6.tgz#cadf5c5591e5d554c93ddb1c359d2b0daa83abca"

"@types/d3-format@*":
  version "1.0.7"
  resolved "https://registry.yarnpkg.com/@types/d3-format/-/d3-format-1.0.7.tgz#4f40de7a19def868f3811cc4ef5e37e3ff0546a3"

"@types/d3-geo@*":
  version "1.4.0"
  resolved "https://registry.yarnpkg.com/@types/d3-geo/-/d3-geo-1.4.0.tgz#7996fca86b1d478f9c1996b762169340b4d1664a"
  dependencies:
    "@types/geojson" "*"

"@types/d3-hierarchy@*":
  version "1.1.0"
  resolved "https://registry.yarnpkg.com/@types/d3-hierarchy/-/d3-hierarchy-1.1.0.tgz#50f1ee052840638035cbdd4acab1fc3470905907"

"@types/d3-interpolate@*":
  version "1.1.5"
  resolved "https://registry.yarnpkg.com/@types/d3-interpolate/-/d3-interpolate-1.1.5.tgz#956485bb0f75c07b49b33f7b44a35cfa9f7f4f46"
  dependencies:
    "@types/d3-color" "*"

"@types/d3-path@*":
  version "1.0.5"
  resolved "https://registry.yarnpkg.com/@types/d3-path/-/d3-path-1.0.5.tgz#84e54043410048a188c03100592c2b9e417664f7"

"@types/d3-polygon@*":
  version "1.0.4"
  resolved "https://registry.yarnpkg.com/@types/d3-polygon/-/d3-polygon-1.0.4.tgz#44aa10bf081c8e87642827feb6285e8280c3eee4"

"@types/d3-quadtree@*":
  version "1.0.4"
  resolved "https://registry.yarnpkg.com/@types/d3-quadtree/-/d3-quadtree-1.0.4.tgz#fb164e00a82f3105b810afad757804664742c049"

"@types/d3-queue@*":
  version "3.0.4"
  resolved "https://registry.yarnpkg.com/@types/d3-queue/-/d3-queue-3.0.4.tgz#a86b6d55e307d363aedd5153d8f1117793df6710"

"@types/d3-random@*":
  version "1.0.5"
  resolved "https://registry.yarnpkg.com/@types/d3-random/-/d3-random-1.0.5.tgz#e1d212f503376899f8a290ebae9cbf606eac856d"

"@types/d3-request@*":
  version "1.0.1"
  resolved "https://registry.yarnpkg.com/@types/d3-request/-/d3-request-1.0.1.tgz#b3e8b79c97618b396814ee8931a318efe9a51c64"
  dependencies:
    "@types/d3-dsv" "*"

"@types/d3-scale@*":
  version "1.0.6"
  resolved "https://registry.yarnpkg.com/@types/d3-scale/-/d3-scale-1.0.6.tgz#1a47ee5d333a5d68cc858c65a47d9fd699f48573"
  dependencies:
    "@types/d3-time" "*"

"@types/d3-selection@*":
  version "1.0.9"
  resolved "https://registry.yarnpkg.com/@types/d3-selection/-/d3-selection-1.0.9.tgz#9065f95f931468eb2a5ad5ba57531a8bb3c1e1f1"

"@types/d3-shape@*":
  version "1.0.7"
  resolved "https://registry.yarnpkg.com/@types/d3-shape/-/d3-shape-1.0.7.tgz#55e70cfc86818bde435ce014f78b382e4d22f3e4"
  dependencies:
    "@types/d3-path" "*"

"@types/d3-time-format@*":
  version "2.0.4"
  resolved "https://registry.yarnpkg.com/@types/d3-time-format/-/d3-time-format-2.0.4.tgz#3f4749652f347bce4b1c405053b0cfc5154cf537"

"@types/d3-time@*":
  version "1.0.5"
  resolved "https://registry.yarnpkg.com/@types/d3-time/-/d3-time-1.0.5.tgz#c86f1f43dc2b22d3c6c75cd1734effeda74213e5"

"@types/d3-timer@*":
  version "1.0.5"
  resolved "https://registry.yarnpkg.com/@types/d3-timer/-/d3-timer-1.0.5.tgz#aad31e6aa185a6440f544d9167ef3194667d7f1e"

"@types/d3-transition@*":
  version "1.0.6"
  resolved "https://registry.yarnpkg.com/@types/d3-transition/-/d3-transition-1.0.6.tgz#f4cc5294bfe61f6f598c4c6eb765e60c54e543ea"
  dependencies:
    "@types/d3-selection" "*"

"@types/d3-voronoi@*":
  version "1.1.5"
  resolved "https://registry.yarnpkg.com/@types/d3-voronoi/-/d3-voronoi-1.1.5.tgz#67d03acb2d56006bb202c20cee1b8d5ad9fe0461"

"@types/d3-zoom@*":
  version "1.1.0"
  resolved "https://registry.yarnpkg.com/@types/d3-zoom/-/d3-zoom-1.1.0.tgz#2807678cb9ff44cff70f52a6c72c6b95c303dd88"
  dependencies:
    "@types/d3-interpolate" "*"
    "@types/d3-selection" "*"

"@types/d3@^4.5.0":
  version "4.5.0"
  resolved "https://registry.yarnpkg.com/@types/d3/-/d3-4.5.0.tgz#397feea693ef213601dc559e4c94cbe772fb1d69"
  dependencies:
    "@types/d3-array" "*"
    "@types/d3-axis" "*"
    "@types/d3-brush" "*"
    "@types/d3-chord" "*"
    "@types/d3-collection" "*"
    "@types/d3-color" "*"
    "@types/d3-dispatch" "*"
    "@types/d3-drag" "*"
    "@types/d3-dsv" "*"
    "@types/d3-ease" "*"
    "@types/d3-force" "*"
    "@types/d3-format" "*"
    "@types/d3-geo" "*"
    "@types/d3-hierarchy" "*"
    "@types/d3-interpolate" "*"
    "@types/d3-path" "*"
    "@types/d3-polygon" "*"
    "@types/d3-quadtree" "*"
    "@types/d3-queue" "*"
    "@types/d3-random" "*"
    "@types/d3-request" "*"
    "@types/d3-scale" "*"
    "@types/d3-selection" "*"
    "@types/d3-shape" "*"
    "@types/d3-time" "*"
    "@types/d3-time-format" "*"
    "@types/d3-timer" "*"
    "@types/d3-transition" "*"
    "@types/d3-voronoi" "*"
    "@types/d3-zoom" "*"

"@types/geojson@*":
  version "1.0.0"
  resolved "https://registry.yarnpkg.com/@types/geojson/-/geojson-1.0.0.tgz#6af48a0d492c09068e97cb78e6bef940d57fb36d"

commander@2:
  version "2.9.0"
  resolved "https://registry.yarnpkg.com/commander/-/commander-2.9.0.tgz#9c99094176e12240cb22d6c5146098400fe0f7d4"
  dependencies:
    graceful-readlink ">= 1.0.0"

d3-array@1, d3-array@1.0.2:
  version "1.0.2"
  resolved "https://registry.yarnpkg.com/d3-array/-/d3-array-1.0.2.tgz#174237bf356a852fadd6af87743d928631de7655"

d3-axis@1.0.4:
  version "1.0.4"
  resolved "https://registry.yarnpkg.com/d3-axis/-/d3-axis-1.0.4.tgz#bdfdcf5e859824062e0f17ad920f76236e72512c"

d3-brush@1.0.3:
  version "1.0.3"
  resolved "https://registry.yarnpkg.com/d3-brush/-/d3-brush-1.0.3.tgz#4fa5374cc3b755d0990bf76b71b7a66417751c74"
  dependencies:
    d3-dispatch "1"
    d3-drag "1"
    d3-interpolate "1"
    d3-selection "1"
    d3-transition "1"

d3-chord@1.0.3:
  version "1.0.3"
  resolved "https://registry.yarnpkg.com/d3-chord/-/d3-chord-1.0.3.tgz#a398bae7cb632a3c4ea687a555a6b9ee4609d990"
  dependencies:
    d3-array "1"
    d3-path "1"

d3-collection@1, d3-collection@1.0.2:
  version "1.0.2"
  resolved "https://registry.yarnpkg.com/d3-collection/-/d3-collection-1.0.2.tgz#df5acb5400443e9eabe9c1379896c67e52426b39"

d3-color@1, d3-color@1.0.2:
  version "1.0.2"
  resolved "https://registry.yarnpkg.com/d3-color/-/d3-color-1.0.2.tgz#83cb4b3a9474e40795f009d97e97a15649830bbc"

d3-dispatch@1, d3-dispatch@1.0.2:
  version "1.0.2"
  resolved "https://registry.yarnpkg.com/d3-dispatch/-/d3-dispatch-1.0.2.tgz#5b511e79a46a1f89492841c0a8f656687d5daa0a"

d3-drag@1, d3-drag@1.0.2:
  version "1.0.2"
  resolved "https://registry.yarnpkg.com/d3-drag/-/d3-drag-1.0.2.tgz#d634cc3f7689f99dd03fd7eb1af2945c0f4339ad"
  dependencies:
    d3-dispatch "1"
    d3-selection "1"

d3-dsv@1, d3-dsv@1.0.3:
  version "1.0.3"
  resolved "https://registry.yarnpkg.com/d3-dsv/-/d3-dsv-1.0.3.tgz#049fe43c0f5f60c7ff7d376616bc76d6fc9d378f"
  dependencies:
    commander "2"
    iconv-lite "0.4"
    rw "1"

d3-ease@1, d3-ease@1.0.2:
  version "1.0.2"
  resolved "https://registry.yarnpkg.com/d3-ease/-/d3-ease-1.0.2.tgz#b486f8f3ca308ca7be38197d65622b6e30983377"

d3-force@1.0.4:
  version "1.0.4"
  resolved "https://registry.yarnpkg.com/d3-force/-/d3-force-1.0.4.tgz#f84dcbb3200be41de7bc30fa71923143156758bf"
  dependencies:
    d3-collection "1"
    d3-dispatch "1"
    d3-quadtree "1"
    d3-timer "1"

d3-format@1, d3-format@1.0.2:
  version "1.0.2"
  resolved "https://registry.yarnpkg.com/d3-format/-/d3-format-1.0.2.tgz#138618320b4bbeb43b5c0ff30519079fbbd7375e"

d3-geo@1.4.0:
  version "1.4.0"
  resolved "https://registry.yarnpkg.com/d3-geo/-/d3-geo-1.4.0.tgz#15e58c414b5bafa1a960eeeb29059c94a60d8408"
  dependencies:
    d3-array "1"

d3-hierarchy@1.1.1:
  version "1.1.1"
  resolved "https://registry.yarnpkg.com/d3-hierarchy/-/d3-hierarchy-1.1.1.tgz#6deefccdf19f370dfc77b6538284e953e0e769b3"

d3-interpolate@1, d3-interpolate@1.1.3:
  version "1.1.3"
  resolved "https://registry.yarnpkg.com/d3-interpolate/-/d3-interpolate-1.1.3.tgz#e119c91b6be4941e581675ca3e1279bb92bd2c9b"
  dependencies:
    d3-color "1"

d3-path@1, d3-path@1.0.3:
  version "1.0.3"
  resolved "https://registry.yarnpkg.com/d3-path/-/d3-path-1.0.3.tgz#60103d0dea9a6cd6ca58de86c6d56724002d3fde"

d3-polygon@1.0.2:
  version "1.0.2"
  resolved "https://registry.yarnpkg.com/d3-polygon/-/d3-polygon-1.0.2.tgz#6552c0fb03aa2d05023351da6e0e8adc4df0202b"

d3-quadtree@1, d3-quadtree@1.0.2:
  version "1.0.2"
  resolved "https://registry.yarnpkg.com/d3-quadtree/-/d3-quadtree-1.0.2.tgz#e7e873af06aaa427eaa4af094cc4cbfb350b9e38"

d3-queue@3.0.3:
  version "3.0.3"
  resolved "https://registry.yarnpkg.com/d3-queue/-/d3-queue-3.0.3.tgz#10ee4dd0574a1affaabfb931d0ba4f117926edc6"

d3-random@1.0.2:
  version "1.0.2"
  resolved "https://registry.yarnpkg.com/d3-random/-/d3-random-1.0.2.tgz#83ff6a391206209c30565299e43c6549866db269"

d3-request@1.0.3:
  version "1.0.3"
  resolved "https://registry.yarnpkg.com/d3-request/-/d3-request-1.0.3.tgz#63fc7dfd784607db0df5d535d7cb898fceba755a"
  dependencies:
    d3-collection "1"
    d3-dispatch "1"
    d3-dsv "1"
    xmlhttprequest "1"

d3-scale@1.0.4:
  version "1.0.4"
  resolved "https://registry.yarnpkg.com/d3-scale/-/d3-scale-1.0.4.tgz#50e28bf6a193b706745528515ed9b3d44205a033"
  dependencies:
    d3-array "1"
    d3-collection "1"
    d3-color "1"
    d3-format "1"
    d3-interpolate "1"
    d3-time "1"
    d3-time-format "2"

d3-selection@1, d3-selection@1.0.3:
  version "1.0.3"
  resolved "https://registry.yarnpkg.com/d3-selection/-/d3-selection-1.0.3.tgz#e63e51416172427854c1bcdfa066eb5fe872c108"

d3-shape@1.0.4:
  version "1.0.4"
  resolved "https://registry.yarnpkg.com/d3-shape/-/d3-shape-1.0.4.tgz#145ee100ccbec42f8e3f1996cd05c786f79fe1c6"
  dependencies:
    d3-path "1"

d3-time-format@2, d3-time-format@2.0.3:
  version "2.0.3"
  resolved "https://registry.yarnpkg.com/d3-time-format/-/d3-time-format-2.0.3.tgz#3241569b74ddc9c42e0689c0e8a903579fd6280a"
  dependencies:
    d3-time "1"

d3-time@1, d3-time@1.0.4:
  version "1.0.4"
  resolved "https://registry.yarnpkg.com/d3-time/-/d3-time-1.0.4.tgz#2ceba09a76b7450c992a1ded4e10fc6195e69649"

d3-timer@1, d3-timer@1.0.4:
  version "1.0.4"
  resolved "https://registry.yarnpkg.com/d3-timer/-/d3-timer-1.0.4.tgz#adaf7f60c7b54c99b2ffabd28c15a0c108a75321"

d3-transition@1, d3-transition@1.0.3:
  version "1.0.3"
  resolved "https://registry.yarnpkg.com/d3-transition/-/d3-transition-1.0.3.tgz#91dc986bddb30973639320a85db72ce4ab1a27bb"
  dependencies:
    d3-color "1"
    d3-dispatch "1"
    d3-ease "1"
    d3-interpolate "1"
    d3-selection "1"
    d3-timer "1"

d3-voronoi@1.1.1:
  version "1.1.1"
  resolved "https://registry.yarnpkg.com/d3-voronoi/-/d3-voronoi-1.1.1.tgz#998544dca98ef0e89a6c40c0bac3510d1bc1b8b9"

d3-zoom@1.1.1:
  version "1.1.1"
  resolved "https://registry.yarnpkg.com/d3-zoom/-/d3-zoom-1.1.1.tgz#d2362d8f7043c1fc5d96a438de69f4e02ef1e67b"
  dependencies:
    d3-dispatch "1"
    d3-drag "1"
    d3-interpolate "1"
    d3-selection "1"
    d3-transition "1"

d3@^4.5.0:
  version "4.5.0"
  resolved "https://registry.yarnpkg.com/d3/-/d3-4.5.0.tgz#b68412b84ace3c18a49fee43be1b212b13a23f97"
  dependencies:
    d3-array "1.0.2"
    d3-axis "1.0.4"
    d3-brush "1.0.3"
    d3-chord "1.0.3"
    d3-collection "1.0.2"
    d3-color "1.0.2"
    d3-dispatch "1.0.2"
    d3-drag "1.0.2"
    d3-dsv "1.0.3"
    d3-ease "1.0.2"
    d3-force "1.0.4"
    d3-format "1.0.2"
    d3-geo "1.4.0"
    d3-hierarchy "1.1.1"
    d3-interpolate "1.1.3"
    d3-path "1.0.3"
    d3-polygon "1.0.2"
    d3-quadtree "1.0.2"
    d3-queue "3.0.3"
    d3-random "1.0.2"
    d3-request "1.0.3"
    d3-scale "1.0.4"
    d3-selection "1.0.3"
    d3-shape "1.0.4"
    d3-time "1.0.4"
    d3-time-format "2.0.3"
    d3-timer "1.0.4"
    d3-transition "1.0.3"
    d3-voronoi "1.1.1"
    d3-zoom "1.1.1"

"graceful-readlink@>= 1.0.0":
  version "1.0.1"
  resolved "https://registry.yarnpkg.com/graceful-readlink/-/graceful-readlink-1.0.1.tgz#4cafad76bc62f02fa039b2f94e9a3dd3a391a725"

iconv-lite@0.4:
  version "0.4.15"
  resolved "https://registry.yarnpkg.com/iconv-lite/-/iconv-lite-0.4.15.tgz#fe265a218ac6a57cfe854927e9d04c19825eddeb"

rw@1:
  version "1.3.3"
  resolved "https://registry.yarnpkg.com/rw/-/rw-1.3.3.tgz#3f862dfa91ab766b14885ef4d01124bfda074fb4"

xmlhttprequest@1:
  version "1.8.0"
  resolved "https://registry.yarnpkg.com/xmlhttprequest/-/xmlhttprequest-1.8.0.tgz#67fe075c5c24fef39f9d65f5f7b7fe75171968fc"
